
Microsoft Visual Studio Solution File, Format Version 12.00
# Visual Studio Version 17
VisualStudioVersion = 17.0.32014.148
MinimumVisualStudioVersion = 10.0.40219.1
Project("{9A19103F-16F7-4668-BE54-9A1E7A4F7556}") = "NUnitAutomation", "NUnitAutomation.csproj", "{33F8D1E8-A3DF-43B9-AED6-3B7D45DEF715}"
EndProject
Project("{FAE04EC0-301F-11D3-BF4B-00C04F79EFBC}") = "CrossBrowserAutomation", "..\CrossBrowserAutomation\CrossBrowserAutomation.csproj", "{69C4BCB4-ECF3-4FA5-8024-55ADCC0177F6}"
EndProject
Global
	GlobalSection(SolutionConfigurationPlatforms) = preSolution
		Debug|Any CPU = Debug|Any CPU
		Release|Any CPU = Release|Any CPU
	EndGlobalSection
	GlobalSection(ProjectConfigurationPlatforms) = postSolution
		{33F8D1E8-A3DF-43B9-AED6-3B7D45DEF715}.Debug|Any CPU.ActiveCfg = Debug|Any CPU
		{33F8D1E8-A3DF-43B9-AED6-3B7D45DEF715}.Debug|Any CPU.Build.0 = Debug|Any CPU
		{33F8D1E8-A3DF-43B9-AED6-3B7D45DEF715}.Release|Any CPU.ActiveCfg = Release|Any CPU
		{33F8D1E8-A3DF-43B9-AED6-3B7D45DEF715}.Release|Any CPU.Build.0 = Release|Any CPU
		{69C4BCB4-ECF3-4FA5-8024-55ADCC0177F6}.Debug|Any CPU.ActiveCfg = Debug|Any CPU
		{69C4BCB4-ECF3-4FA5-8024-55ADCC0177F6}.Debug|Any CPU.Build.0 = Debug|Any CPU
		{69C4BCB4-ECF3-4FA5-8024-55ADCC0177F6}.Release|Any CPU.ActiveCfg = Release|Any CPU
		{69C4BCB4-ECF3-4FA5-8024-55ADCC0177F6}.Release|Any CPU.Build.0 = Release|Any CPU
	EndGlobalSection
	GlobalSection(SolutionProperties) = preSolution
		HideSolutionNode = FALSE
	EndGlobalSection
	GlobalSection(ExtensibilityGlobals) = postSolution
		SolutionGuid = {073550B0-C7BC-4BCA-B16B-7E2854D305EA}
	EndGlobalSection
EndGlobal
